
Microsoft Visual Studio Solution File, Format Version 12.00
# Visual Studio Version 17
VisualStudioVersion = 17.9.34723.18
MinimumVisualStudioVersion = 10.0.40219.1
Project("{FAE04EC0-301F-11D3-BF4B-00C04F79EFBC}") = "Test5", "Test5.csproj", "{3C590369-2676-4E2C-B1BF-21FB2ACB0EC5}"
EndProject
Global
	GlobalSection(SolutionConfigurationPlatforms) = preSolution
		Debug|Any CPU = Debug|Any CPU
		Release|Any CPU = Release|Any CPU
	EndGlobalSection
	GlobalSection(ProjectConfigurationPlatforms) = postSolution
		{3C590369-2676-4E2C-B1BF-21FB2ACB0EC5}.Debug|Any CPU.ActiveCfg = Debug|Any CPU
		{3C590369-2676-4E2C-B1BF-21FB2ACB0EC5}.Debug|Any CPU.Build.0 = Debug|Any CPU
		{3C590369-2676-4E2C-B1BF-21FB2ACB0EC5}.Release|Any CPU.ActiveCfg = Release|Any CPU
		{3C590369-2676-4E2C-B1BF-21FB2ACB0EC5}.Release|Any CPU.Build.0 = Release|Any CPU
	EndGlobalSection
	GlobalSection(SolutionProperties) = preSolution
		HideSolutionNode = FALSE
	EndGlobalSection
	GlobalSection(ExtensibilityGlobals) = postSolution
		SolutionGuid = {D4862651-8617-4E4A-9BD2-2AEF1140B1F8}
	EndGlobalSection
EndGlobal
